
Microsoft Visual Studio Solution File, Format Version 12.00
Project("{FAE04EC0-301F-11D3-BF4B-00C04F79EFBC}") = "HeadControlIoT", "HeadControlIoT\HeadControlIoT.csproj", "{ABEF968F-E894-4637-ADE7-5C235C3B6DA3}"
EndProject
Global
	GlobalSection(SolutionConfigurationPlatforms) = preSolution
		Debug|Any CPU = Debug|Any CPU
		Release|Any CPU = Release|Any CPU
	EndGlobalSection
	GlobalSection(ProjectConfigurationPlatforms) = postSolution
		{ABEF968F-E894-4637-ADE7-5C235C3B6DA3}.Debug|Any CPU.ActiveCfg = Debug|Any CPU
		{ABEF968F-E894-4637-ADE7-5C235C3B6DA3}.Debug|Any CPU.Build.0 = Debug|Any CPU
		{ABEF968F-E894-4637-ADE7-5C235C3B6DA3}.Release|Any CPU.ActiveCfg = Release|Any CPU
		{ABEF968F-E894-4637-ADE7-5C235C3B6DA3}.Release|Any CPU.Build.0 = Release|Any CPU
	EndGlobalSection
EndGlobal
